
Microsoft Visual Studio Solution File, Format Version 12.00
# Visual Studio Version 17
VisualStudioVersion = 17.4.33213.308
MinimumVisualStudioVersion = 10.0.40219.1
Project("{9A19103F-16F7-4668-BE54-9A1E7A4F7556}") = "alloy-docker", "alloy-docker.csproj", "{9B9711A8-029C-446A-A525-FFC86355D728}"
EndProject
Global
	GlobalSection(SolutionConfigurationPlatforms) = preSolution
		Debug|Any CPU = Debug|Any CPU
		Release|Any CPU = Release|Any CPU
	EndGlobalSection
	GlobalSection(ProjectConfigurationPlatforms) = postSolution
		{9B9711A8-029C-446A-A525-FFC86355D728}.Debug|Any CPU.ActiveCfg = Debug|Any CPU
		{9B9711A8-029C-446A-A525-FFC86355D728}.Debug|Any CPU.Build.0 = Debug|Any CPU
		{9B9711A8-029C-446A-A525-FFC86355D728}.Release|Any CPU.ActiveCfg = Release|Any CPU
		{9B9711A8-029C-446A-A525-FFC86355D728}.Release|Any CPU.Build.0 = Release|Any CPU
	EndGlobalSection
	GlobalSection(SolutionProperties) = preSolution
		HideSolutionNode = FALSE
	EndGlobalSection
	GlobalSection(ExtensibilityGlobals) = postSolution
		SolutionGuid = {0154AB83-BDA1-4859-9A8D-83CEE550EAB7}
	EndGlobalSection
EndGlobal
